// !$*UTF8*$!
{
	archiveVersion = 1;
	classes = {
	};
	objectVersion = 50;
	objects = {

/* Begin PBXBuildFile section */
		F219419723523A56007FDC93 /* AppDelegate.swift in Sources */ = {isa = PBXBuildFile; fileRef = F219419623523A56007FDC93 /* AppDelegate.swift */; };
		F219419923523A56007FDC93 /* SceneDelegate.swift in Sources */ = {isa = PBXBuildFile; fileRef = F219419823523A56007FDC93 /* SceneDelegate.swift */; };
		F219419E23523A56007FDC93 /* Main.storyboard in Resources */ = {isa = PBXBuildFile; fileRef = F219419C23523A56007FDC93 /* Main.storyboard */; };
		F21941A023523A5A007FDC93 /* Assets.xcassets in Resources */ = {isa = PBXBuildFile; fileRef = F219419F23523A5A007FDC93 /* Assets.xcassets */; };
		F21941A323523A5A007FDC93 /* LaunchScreen.storyboard in Resources */ = {isa = PBXBuildFile; fileRef = F21941A123523A5A007FDC93 /* LaunchScreen.storyboard */; };
		F21941AB23523ACF007FDC93 /* TableViewController.swift in Sources */ = {isa = PBXBuildFile; fileRef = F21941AA23523ACF007FDC93 /* TableViewController.swift */; };
		F21941AD23523D43007FDC93 /* infoCell.swift in Sources */ = {isa = PBXBuildFile; fileRef = F21941AC23523D43007FDC93 /* infoCell.swift */; };
		F21941B12352565B007FDC93 /* Data.swift in Sources */ = {isa = PBXBuildFile; fileRef = F21941B02352565B007FDC93 /* Data.swift */; };
/* End PBXBuildFile section */

/* Begin PBXFileReference section */
		F219419323523A56007FDC93 /* J02.app */ = {isa = PBXFileReference; explicitFileType = wrapper.application; includeInIndex = 0; path = J02.app; sourceTree = BUILT_PRODUCTS_DIR; };
		F219419623523A56007FDC93 /* AppDelegate.swift */ = {isa = PBXFileReference; lastKnownFileType = sourcecode.swift; path = AppDelegate.swift; sourceTree = "<group>"; };
		F219419823523A56007FDC93 /* SceneDelegate.swift */ = {isa = PBXFileReference; lastKnownFileType = sourcecode.swift; path = SceneDelegate.swift; sourceTree = "<group>"; };
		F219419D23523A56007FDC93 /* Base */ = {isa = PBXFileReference; lastKnownFileType = file.storyboard; name = Base; path = Base.lproj/Main.storyboard; sourceTree = "<group>"; };
		F219419F23523A5A007FDC93 /* Assets.xcassets */ = {isa = PBXFileReference; lastKnownFileType = folder.assetcatalog; path = Assets.xcassets; sourceTree = "<group>"; };
		F21941A223523A5A007FDC93 /* Base */ = {isa = PBXFileReference; lastKnownFileType = file.storyboard; name = Base; path = Base.lproj/LaunchScreen.storyboard; sourceTree = "<group>"; };
		F21941A423523A5A007FDC93 /* Info.plist */ = {isa = PBXFileReference; lastKnownFileType = text.plist.xml; path = Info.plist; sourceTree = "<group>"; };
		F21941AA23523ACF007FDC93 /* TableViewController.swift */ = {isa = PBXFileReference; lastKnownFileType = sourcecode.swift; path = TableViewController.swift; sourceTree = "<group>"; };
		F21941AC23523D43007FDC93 /* infoCell.swift */ = {isa = PBXFileReference; lastKnownFileType = sourcecode.swift; path = infoCell.swift; sourceTree = "<group>"; };
		F21941B02352565B007FDC93 /* Data.swift */ = {isa = PBXFileReference; lastKnownFileType = sourcecode.swift; path = Data.swift; sourceTree = "<group>"; };
/* End PBXFileReference section */

/* Begin PBXFrameworksBuildPhase section */
		F219419023523A56007FDC93 /* Frameworks */ = {
			isa = PBXFrameworksBuildPhase;
			buildActionMask = 2147483647;
			files = (
			);
			runOnlyForDeploymentPostprocessing = 0;
		};
/* End PBXFrameworksBuildPhase section */

/* Begin PBXGroup section */
		F219418A23523A56007FDC93 = {
			isa = PBXGroup;
			children = (
				F219419523523A56007FDC93 /* J02 */,
				F219419423523A56007FDC93 /* Products */,
			);
			sourceTree = "<group>";
		};
		F219419423523A56007FDC93 /* Products */ = {
			isa = PBXGroup;
			children = (
				F219419323523A56007FDC93 /* J02.app */,
			);
			name = Products;
			sourceTree = "<group>";
		};
		F219419523523A56007FDC93 /* J02 */ = {
			isa = PBXGroup;
			children = (
				F219419623523A56007FDC93 /* AppDelegate.swift */,
				F219419823523A56007FDC93 /* SceneDelegate.swift */,
				F219419C23523A56007FDC93 /* Main.storyboard */,
				F21941AA23523ACF007FDC93 /* TableViewController.swift */,
				F21941AC23523D43007FDC93 /* infoCell.swift */,
				F21941B02352565B007FDC93 /* Data.swift */,
				F219419F23523A5A007FDC93 /* Assets.xcassets */,
				F21941A123523A5A007FDC93 /* LaunchScreen.storyboard */,
				F21941A423523A5A007FDC93 /* Info.plist */,
			);
			path = J02;
			sourceTree = "<group>";
		};
/* End PBXGroup section */

/* Begin PBXNativeTarget section */
		F219419223523A56007FDC93 /* J02 */ = {
			isa = PBXNativeTarget;
			buildConfigurationList = F21941A723523A5A007FDC93 /* Build configuration list for PBXNativeTarget "J02" */;
			buildPhases = (
				F219418F23523A56007FDC93 /* Sources */,
				F219419023523A56007FDC93 /* Frameworks */,
				F219419123523A56007FDC93 /* Resources */,
			);
			buildRules = (
			);
			dependencies = (
			);
			name = J02;
			productName = J02;
			productReference = F219419323523A56007FDC93 /* J02.app */;
			productType = "com.apple.product-type.application";
		};
/* End PBXNativeTarget section */

/* Begin PBXProject section */
		F219418B23523A56007FDC93 /* Project object */ = {
			isa = PBXProject;
			attributes = {
				LastSwiftUpdateCheck = 1110;
				LastUpgradeCheck = 1110;
				ORGANIZATIONNAME = "jiajun wu";
				TargetAttributes = {
					F219419223523A56007FDC93 = {
						CreatedOnToolsVersion = 11.1;
					};
				};
			};
			buildConfigurationList = F219418E23523A56007FDC93 /* Build configuration list for PBXProject "J02" */;
			compatibilityVersion = "Xcode 9.3";
			developmentRegion = en;
			hasScannedForEncodings = 0;
			knownRegions = (
				en,
				Base,
			);
			mainGroup = F219418A23523A56007FDC93;
			productRefGroup = F219419423523A56007FDC93 /* Products */;
			projectDirPath = "";
			projectRoot = "";
			targets = (
				F219419223523A56007FDC93 /* J02 */,
			);
		};
/* End PBXProject section */

/* Begin PBXResourcesBuildPhase section */
		F219419123523A56007FDC93 /* Resources */ = {
			isa = PBXResourcesBuildPhase;
			buildActionMask = 2147483647;
			files = (
				F21941A323523A5A007FDC93 /* LaunchScreen.storyboard in Resources */,
				F21941A023523A5A007FDC93 /* Assets.xcassets in Resources */,
				F219419E23523A56007FDC93 /* Main.storyboard in Resources */,
			);
			runOnlyForDeploymentPostprocessing = 0;
		};
/* End PBXResourcesBuildPhase section */

/* Begin PBXSourcesBuildPhase section */
		F219418F23523A56007FDC93 /* Sources */ = {
			isa = PBXSourcesBuildPhase;
			buildActionMask = 2147483647;
			files = (
				F219419723523A56007FDC93 /* AppDelegate.swift in Sources */,
				F21941B12352565B007FDC93 /* Data.swift in Sources */,
				F21941AD23523D43007FDC93 /* infoCell.swift in Sources */,
				F219419923523A56007FDC93 /* SceneDelegate.swift in Sources */,
				F21941AB23523ACF007FDC93 /* TableViewController.swift in Sources */,
			);
			runOnlyForDeploymentPostprocessing = 0;
		};
/* End PBXSourcesBuildPhase section */

/* Begin PBXVariantGroup section */
		F219419C23523A56007FDC93 /* Main.storyboard */ = {
			isa = PBXVariantGroup;
			children = (
				F219419D23523A56007FDC93 /* Base */,
			);
			name = Main.storyboard;
			sourceTree = "<group>";
		};
		F21941A123523A5A007FDC93 /* LaunchScreen.storyboard */ = {
			isa = PBXVariantGroup;
			children = (
				F21941A223523A5A007FDC93 /* Base */,
			);
			name = LaunchScreen.storyboard;
			sourceTree = "<group>";
		};
/* End PBXVariantGroup section */

/* Begin XCBuildConfiguration section */
		F21941A523523A5A007FDC93 /* Debug */ = {
			isa = XCBuildConfiguration;
			buildSettings = {
				ALWAYS_SEARCH_USER_PATHS = NO;
				CLANG_ANALYZER_NONNULL = YES;
				CLANG_ANALYZER_NUMBER_OBJECT_CONVERSION = YES_AGGRESSIVE;
				CLANG_CXX_LANGUAGE_STANDARD = "gnu++14";
				CLANG_CXX_LIBRARY = "libc++";
				CLANG_ENABLE_MODULES = YES;
				CLANG_ENABLE_OBJC_ARC = YES;
				CLANG_ENABLE_OBJC_WEAK = YES;
				CLANG_WARN_BLOCK_CAPTURE_AUTORELEASING = YES;
				CLANG_WARN_BOOL_CONVERSION = YES;
				CLANG_WARN_COMMA = YES;
				CLANG_WARN_CONSTANT_CONVERSION = YES;
				CLANG_WARN_DEPRECATED_OBJC_IMPLEMENTATIONS = YES;
				CLANG_WARN_DIRECT_OBJC_ISA_USAGE = YES_ERROR;
				CLANG_WARN_DOCUMENTATION_COMMENTS = YES;
				CLANG_WARN_EMPTY_BODY = YES;
				CLANG_WARN_ENUM_CONVERSION = YES;
				CLANG_WARN_INFINITE_RECURSION = YES;
				CLANG_WARN_INT_CONVERSION = YES;
				CLANG_WARN_NON_LITERAL_NULL_CONVERSION = YES;
				CLANG_WARN_OBJC_IMPLICIT_RETAIN_SELF = YES;
				CLANG_WARN_OBJC_LITERAL_CONVERSION = YES;
				CLANG_WARN_OBJC_ROOT_CLASS = YES_ERROR;
				CLANG_WARN_RANGE_LOOP_ANALYSIS = YES;
				CLANG_WARN_STRICT_PROTOTYPES = YES;
				CLANG_WARN_SUSPICIOUS_MOVE = YES;
				CLANG_WARN_UNGUARDED_AVAILABILITY = YES_AGGRESSIVE;
				CLANG_WARN_UNREACHABLE_CODE = YES;
				CLANG_WARN__DUPLICATE_METHOD_MATCH = YES;
				COPY_PHASE_STRIP = NO;
				DEBUG_INFORMATION_FORMAT = dwarf;
				ENABLE_STRICT_OBJC_MSGSEND = YES;
				ENABLE_TESTABILITY = YES;
				GCC_C_LANGUAGE_STANDARD = gnu11;
				GCC_DYNAMIC_NO_PIC = NO;
				GCC_NO_COMMON_BLOCKS = YES;
				GCC_OPTIMIZATION_LEVEL = 0;
				GCC_PREPROCESSOR_DEFINITIONS = (
					"DEBUG=1",
					"$(inherited)",
				);
				GCC_WARN_64_TO_32_BIT_CONVERSION = YES;
				GCC_WARN_ABOUT_RETURN_TYPE = YES_ERROR;
				GCC_WARN_UNDECLARED_SELECTOR = YES;
				GCC_WARN_UNINITIALIZED_AUTOS = YES_AGGRESSIVE;
				GCC_WARN_UNUSED_FUNCTION = YES;
				GCC_WARN_UNUSED_VARIABLE = YES;
				IPHONEOS_DEPLOYMENT_TARGET = 13.1;
				MTL_ENABLE_DEBUG_INFO = INCLUDE_SOURCE;
				MTL_FAST_MATH = YES;
				ONLY_ACTIVE_ARCH = YES;
				SDKROOT = iphoneos;
				SWIFT_ACTIVE_COMPILATION_CONDITIONS = DEBUG;
				SWIFT_OPTIMIZATION_LEVEL = "-Onone";
			};
			name = Debug;
		};
		F21941A623523A5A007FDC93 /* Release */ = {
			isa = XCBuildConfiguration;
			buildSettings = {
				ALWAYS_SEARCH_USER_PATHS = NO;
				CLANG_ANALYZER_NONNULL = YES;
				CLANG_ANALYZER_NUMBER_OBJECT_CONVERSION = YES_AGGRESSIVE;
				CLANG_CXX_LANGUAGE_STANDARD = "gnu++14";
				CLANG_CXX_LIBRARY = "libc++";
				CLANG_ENABLE_MODULES = YES;
				CLANG_ENABLE_OBJC_ARC = YES;
				CLANG_ENABLE_OBJC_WEAK = YES;
				CLANG_WARN_BLOCK_CAPTURE_AUTORELEASING = YES;
				CLANG_WARN_BOOL_CONVERSION = YES;
				CLANG_WARN_COMMA = YES;
				CLANG_WARN_CONSTANT_CONVERSION = YES;
				CLANG_WARN_DEPRECATED_OBJC_IMPLEMENTATIONS = YES;
				CLANG_WARN_DIRECT_OBJC_ISA_USAGE = YES_ERROR;
				CLANG_WARN_DOCUMENTATION_COMMENTS = YES;
				CLANG_WARN_EMPTY_BODY = YES;
				CLANG_WARN_ENUM_CONVERSION = YES;
				CLANG_WARN_INFINITE_RECURSION = YES;
				CLANG_WARN_INT_CONVERSION = YES;
				CLANG_WARN_NON_LITERAL_NULL_CONVERSION = YES;
				CLANG_WARN_OBJC_IMPLICIT_RETAIN_SELF = YES;
				CLANG_WARN_OBJC_LITERAL_CONVERSION = YES;
				CLANG_WARN_OBJC_ROOT_CLASS = YES_ERROR;
				CLANG_WARN_RANGE_LOOP_ANALYSIS = YES;
				CLANG_WARN_STRICT_PROTOTYPES = YES;
				CLANG_WARN_SUSPICIOUS_MOVE = YES;
				CLANG_WARN_UNGUARDED_AVAILABILITY = YES_AGGRESSIVE;
				CLANG_WARN_UNREACHABLE_CODE = YES;
				CLANG_WARN__DUPLICATE_METHOD_MATCH = YES;
				COPY_PHASE_STRIP = NO;
				DEBUG_INFORMATION_FORMAT = "dwarf-with-dsym";
				ENABLE_NS_ASSERTIONS = NO;
				ENABLE_STRICT_OBJC_MSGSEND = YES;
				GCC_C_LANGUAGE_STANDARD = gnu11;
				GCC_NO_COMMON_BLOCKS = YES;
				GCC_WARN_64_TO_32_BIT_CONVERSION = YES;
				GCC_WARN_ABOUT_RETURN_TYPE = YES_ERROR;
				GCC_WARN_UNDECLARED_SELECTOR = YES;
				GCC_WARN_UNINITIALIZED_AUTOS = YES_AGGRESSIVE;
				GCC_WARN_UNUSED_FUNCTION = YES;
				GCC_WARN_UNUSED_VARIABLE = YES;
				IPHONEOS_DEPLOYMENT_TARGET = 13.1;
				MTL_ENABLE_DEBUG_INFO = NO;
				MTL_FAST_MATH = YES;
				SDKROOT = iphoneos;
				SWIFT_COMPILATION_MODE = wholemodule;
				SWIFT_OPTIMIZATION_LEVEL = "-O";
				VALIDATE_PRODUCT = YES;
			};
			name = Release;
		};
		F21941A823523A5A007FDC93 /* Debug */ = {
			isa = XCBuildConfiguration;
			buildSettings = {
				ASSETCATALOG_COMPILER_APPICON_NAME = AppIcon;
				CODE_SIGN_STYLE = Automatic;
				INFOPLIST_FILE = J02/Info.plist;
				LD_RUNPATH_SEARCH_PATHS = (
					"$(inherited)",
					"@executable_path/Frameworks",
				);
				PRODUCT_BUNDLE_IDENTIFIER = J01.J02;
				PRODUCT_NAME = "$(TARGET_NAME)";
				SWIFT_VERSION = 5.0;
				TARGETED_DEVICE_FAMILY = "1,2";
			};
			name = Debug;
		};
		F21941A923523A5A007FDC93 /* Release */ = {
			isa = XCBuildConfiguration;
			buildSettings = {
				ASSETCATALOG_COMPILER_APPICON_NAME = AppIcon;
				CODE_SIGN_STYLE = Automatic;
				INFOPLIST_FILE = J02/Info.plist;
				LD_RUNPATH_SEARCH_PATHS = (
					"$(inherited)",
					"@executable_path/Frameworks",
				);
				PRODUCT_BUNDLE_IDENTIFIER = J01.J02;
				PRODUCT_NAME = "$(TARGET_NAME)";
				SWIFT_VERSION = 5.0;
				TARGETED_DEVICE_FAMILY = "1,2";
			};
			name = Release;
		};
/* End XCBuildConfiguration section */

/* Begin XCConfigurationList section */
		F219418E23523A56007FDC93 /* Build configuration list for PBXProject "J02" */ = {
			isa = XCConfigurationList;
			buildConfigurations = (
				F21941A523523A5A007FDC93 /* Debug */,
				F21941A623523A5A007FDC93 /* Release */,
			);
			defaultConfigurationIsVisible = 0;
			defaultConfigurationName = Release;
		};
		F21941A723523A5A007FDC93 /* Build configuration list for PBXNativeTarget "J02" */ = {
			isa = XCConfigurationList;
			buildConfigurations = (
				F21941A823523A5A007FDC93 /* Debug */,
				F21941A923523A5A007FDC93 /* Release */,
			);
			defaultConfigurationIsVisible = 0;
			defaultConfigurationName = Release;
		};
/* End XCConfigurationList section */
	};
	rootObject = F219418B23523A56007FDC93 /* Project object */;
}
